{
  "name": "@phyrus/vue",
  "version": "0.1.5",
  "lockfileVersion": 2,
  "requires": true,
  "packages": {
    "": {
      "name": "@phyrus/vue",
      "version": "0.1.5",
      "dependencies": {
        "axios": "^1.5.0",
        "countries-and-timezones": "^3.5.1",
        "highlight.js": "^11.8.0",
        "intl-tel-input": "^18.2.1",
        "moment-timezone": "^0.5.43",
        "nanoid": "^4.0.0",
        "primevue": "^3.31.0",
        "quill": "^1.3.7",
        "vue-router": "^4.2.5"
      },
      "devDependencies": {
        "@babel/types": "^7.22.19",
        "@types/countries-and-timezones": "^3.2.3",
        "@types/intl-tel-input": "^18.1.1",
        "@types/moment-timezone": "^0.5.30",
        "@types/node": "^20.6.3",
        "fibers": "^5.0.0",
        "sass": "^1.35.1",
        "typescript": "^4.3.5",
        "vue": "^3.3.4"
      }
    },
    "node_modules/@babel/helper-string-parser": {
      "version": "7.22.5",
      "resolved": "https://registry.npmjs.org/@babel/helper-string-parser/-/helper-string-parser-7.22.5.tgz",
      "integrity": "sha512-mM4COjgZox8U+JcXQwPijIZLElkgEpO5rsERVDJTc2qfCDfERyob6k5WegS14SX18IIjv+XD+GrqNumY5JRCDw==",
      "dev": true,
      "engines": {
        "node": ">=6.9.0"
      }
    },
    "node_modules/@babel/helper-validator-identifier": {
      "version": "7.22.20",
      "resolved": "https://registry.npmjs.org/@babel/helper-validator-identifier/-/helper-validator-identifier-7.22.20.tgz",
      "integrity": "sha512-Y4OZ+ytlatR8AI+8KZfKuL5urKp7qey08ha31L8b3BwewJAoJamTzyvxPR/5D+KkdJCGPq/+8TukHBlY10FX9A==",
      "dev": true,
      "engines": {
        "node": ">=6.9.0"
      }
    },
    "node_modules/@babel/parser": {
      "version": "7.22.16",
      "license": "MIT",
      "bin": {
        "parser": "bin/babel-parser.js"
      },
      "engines": {
        "node": ">=6.0.0"
      }
    },
    "node_modules/@babel/types": {
      "version": "7.23.0",
      "resolved": "https://registry.npmjs.org/@babel/types/-/types-7.23.0.tgz",
      "integrity": "sha512-0oIyUfKoI3mSqMvsxBdclDwxXKXAUA8v/apZbc+iSyARYou1o8ZGDxbUYyLFoW2arqS2jDGqJuZvv1d/io1axg==",
      "dev": true,
      "dependencies": {
        "@babel/helper-string-parser": "^7.22.5",
        "@babel/helper-validator-identifier": "^7.22.20",
        "to-fast-properties": "^2.0.0"
      },
      "engines": {
        "node": ">=6.9.0"
      }
    },
    "node_modules/@jridgewell/sourcemap-codec": {
      "version": "1.4.15",
      "license": "MIT"
    },
    "node_modules/@types/countries-and-timezones": {
      "version": "3.2.3",
      "dev": true,
      "license": "MIT",
      "dependencies": {
        "countries-and-timezones": "*"
      }
    },
    "node_modules/@types/intl-tel-input": {
      "version": "18.1.1",
      "dev": true,
      "license": "MIT",
      "dependencies": {
        "@types/jquery": "*"
      }
    },
    "node_modules/@types/jquery": {
      "version": "3.5.19",
      "dev": true,
      "license": "MIT",
      "dependencies": {
        "@types/sizzle": "*"
      }
    },
    "node_modules/@types/moment-timezone": {
      "version": "0.5.30",
      "dev": true,
      "license": "MIT",
      "dependencies": {
        "moment-timezone": "*"
      }
    },
    "node_modules/@types/node": {
      "version": "20.6.3",
      "dev": true,
      "license": "MIT"
    },
    "node_modules/@types/sizzle": {
      "version": "2.3.3",
      "dev": true,
      "license": "MIT"
    },
    "node_modules/@vue/compiler-core": {
      "version": "3.3.4",
      "license": "MIT",
      "dependencies": {
        "@babel/parser": "^7.21.3",
        "@vue/shared": "3.3.4",
        "estree-walker": "^2.0.2",
        "source-map-js": "^1.0.2"
      }
    },
    "node_modules/@vue/compiler-dom": {
      "version": "3.3.4",
      "license": "MIT",
      "dependencies": {
        "@vue/compiler-core": "3.3.4",
        "@vue/shared": "3.3.4"
      }
    },
    "node_modules/@vue/compiler-sfc": {
      "version": "3.3.4",
      "license": "MIT",
      "dependencies": {
        "@babel/parser": "^7.20.15",
        "@vue/compiler-core": "3.3.4",
        "@vue/compiler-dom": "3.3.4",
        "@vue/compiler-ssr": "3.3.4",
        "@vue/reactivity-transform": "3.3.4",
        "@vue/shared": "3.3.4",
        "estree-walker": "^2.0.2",
        "magic-string": "^0.30.0",
        "postcss": "^8.1.10",
        "source-map-js": "^1.0.2"
      }
    },
    "node_modules/@vue/compiler-ssr": {
      "version": "3.3.4",
      "license": "MIT",
      "dependencies": {
        "@vue/compiler-dom": "3.3.4",
        "@vue/shared": "3.3.4"
      }
    },
    "node_modules/@vue/devtools-api": {
      "version": "6.5.0",
      "license": "MIT"
    },
    "node_modules/@vue/reactivity": {
      "version": "3.3.4",
      "license": "MIT",
      "dependencies": {
        "@vue/shared": "3.3.4"
      }
    },
    "node_modules/@vue/reactivity-transform": {
      "version": "3.3.4",
      "license": "MIT",
      "dependencies": {
        "@babel/parser": "^7.20.15",
        "@vue/compiler-core": "3.3.4",
        "@vue/shared": "3.3.4",
        "estree-walker": "^2.0.2",
        "magic-string": "^0.30.0"
      }
    },
    "node_modules/@vue/runtime-core": {
      "version": "3.3.4",
      "license": "MIT",
      "dependencies": {
        "@vue/reactivity": "3.3.4",
        "@vue/shared": "3.3.4"
      }
    },
    "node_modules/@vue/runtime-dom": {
      "version": "3.3.4",
      "license": "MIT",
      "dependencies": {
        "@vue/runtime-core": "3.3.4",
        "@vue/shared": "3.3.4",
        "csstype": "^3.1.1"
      }
    },
    "node_modules/@vue/server-renderer": {
      "version": "3.3.4",
      "license": "MIT",
      "dependencies": {
        "@vue/compiler-ssr": "3.3.4",
        "@vue/shared": "3.3.4"
      },
      "peerDependencies": {
        "vue": "3.3.4"
      }
    },
    "node_modules/@vue/shared": {
      "version": "3.3.4",
      "license": "MIT"
    },
    "node_modules/anymatch": {
      "version": "3.1.3",
      "dev": true,
      "license": "ISC",
      "dependencies": {
        "normalize-path": "^3.0.0",
        "picomatch": "^2.0.4"
      },
      "engines": {
        "node": ">= 8"
      }
    },
    "node_modules/asynckit": {
      "version": "0.4.0",
      "license": "MIT"
    },
    "node_modules/axios": {
      "version": "1.5.0",
      "license": "MIT",
      "dependencies": {
        "follow-redirects": "^1.15.0",
        "form-data": "^4.0.0",
        "proxy-from-env": "^1.1.0"
      }
    },
    "node_modules/binary-extensions": {
      "version": "2.2.0",
      "dev": true,
      "license": "MIT",
      "engines": {
        "node": ">=8"
      }
    },
    "node_modules/braces": {
      "version": "3.0.2",
      "dev": true,
      "license": "MIT",
      "dependencies": {
        "fill-range": "^7.0.1"
      },
      "engines": {
        "node": ">=8"
      }
    },
    "node_modules/call-bind": {
      "version": "1.0.2",
      "license": "MIT",
      "dependencies": {
        "function-bind": "^1.1.1",
        "get-intrinsic": "^1.0.2"
      },
      "funding": {
        "url": "https://github.com/sponsors/ljharb"
      }
    },
    "node_modules/chokidar": {
      "version": "3.5.3",
      "dev": true,
      "funding": [
        {
          "type": "individual",
          "url": "https://paulmillr.com/funding/"
        }
      ],
      "license": "MIT",
      "dependencies": {
        "anymatch": "~3.1.2",
        "braces": "~3.0.2",
        "glob-parent": "~5.1.2",
        "is-binary-path": "~2.1.0",
        "is-glob": "~4.0.1",
        "normalize-path": "~3.0.0",
        "readdirp": "~3.6.0"
      },
      "engines": {
        "node": ">= 8.10.0"
      },
      "optionalDependencies": {
        "fsevents": "~2.3.2"
      }
    },
    "node_modules/clone": {
      "version": "2.1.2",
      "license": "MIT",
      "engines": {
        "node": ">=0.8"
      }
    },
    "node_modules/combined-stream": {
      "version": "1.0.8",
      "license": "MIT",
      "dependencies": {
        "delayed-stream": "~1.0.0"
      },
      "engines": {
        "node": ">= 0.8"
      }
    },
    "node_modules/countries-and-timezones": {
      "version": "3.5.1",
      "license": "MIT",
      "engines": {
        "node": ">=8.x",
        "npm": ">=5.x"
      }
    },
    "node_modules/csstype": {
      "version": "3.1.2",
      "license": "MIT"
    },
    "node_modules/deep-equal": {
      "version": "1.1.1",
      "license": "MIT",
      "dependencies": {
        "is-arguments": "^1.0.4",
        "is-date-object": "^1.0.1",
        "is-regex": "^1.0.4",
        "object-is": "^1.0.1",
        "object-keys": "^1.1.1",
        "regexp.prototype.flags": "^1.2.0"
      },
      "funding": {
        "url": "https://github.com/sponsors/ljharb"
      }
    },
    "node_modules/define-data-property": {
      "version": "1.1.0",
      "license": "MIT",
      "dependencies": {
        "get-intrinsic": "^1.2.1",
        "gopd": "^1.0.1",
        "has-property-descriptors": "^1.0.0"
      },
      "engines": {
        "node": ">= 0.4"
      }
    },
    "node_modules/define-properties": {
      "version": "1.2.1",
      "license": "MIT",
      "dependencies": {
        "define-data-property": "^1.0.1",
        "has-property-descriptors": "^1.0.0",
        "object-keys": "^1.1.1"
      },
      "engines": {
        "node": ">= 0.4"
      },
      "funding": {
        "url": "https://github.com/sponsors/ljharb"
      }
    },
    "node_modules/delayed-stream": {
      "version": "1.0.0",
      "license": "MIT",
      "engines": {
        "node": ">=0.4.0"
      }
    },
    "node_modules/detect-libc": {
      "version": "1.0.3",
      "dev": true,
      "license": "Apache-2.0",
      "bin": {
        "detect-libc": "bin/detect-libc.js"
      },
      "engines": {
        "node": ">=0.10"
      }
    },
    "node_modules/estree-walker": {
      "version": "2.0.2",
      "license": "MIT"
    },
    "node_modules/eventemitter3": {
      "version": "2.0.3",
      "license": "MIT"
    },
    "node_modules/extend": {
      "version": "3.0.2",
      "license": "MIT"
    },
    "node_modules/fast-diff": {
      "version": "1.1.2",
      "license": "Apache-2.0"
    },
    "node_modules/fibers": {
      "version": "5.0.3",
      "dev": true,
      "hasInstallScript": true,
      "license": "MIT",
      "dependencies": {
        "detect-libc": "^1.0.3"
      },
      "engines": {
        "node": ">=10.0.0"
      }
    },
    "node_modules/fill-range": {
      "version": "7.0.1",
      "dev": true,
      "license": "MIT",
      "dependencies": {
        "to-regex-range": "^5.0.1"
      },
      "engines": {
        "node": ">=8"
      }
    },
    "node_modules/follow-redirects": {
      "version": "1.15.3",
      "funding": [
        {
          "type": "individual",
          "url": "https://github.com/sponsors/RubenVerborgh"
        }
      ],
      "license": "MIT",
      "engines": {
        "node": ">=4.0"
      },
      "peerDependenciesMeta": {
        "debug": {
          "optional": true
        }
      }
    },
    "node_modules/form-data": {
      "version": "4.0.0",
      "license": "MIT",
      "dependencies": {
        "asynckit": "^0.4.0",
        "combined-stream": "^1.0.8",
        "mime-types": "^2.1.12"
      },
      "engines": {
        "node": ">= 6"
      }
    },
    "node_modules/function-bind": {
      "version": "1.1.1",
      "license": "MIT"
    },
    "node_modules/functions-have-names": {
      "version": "1.2.3",
      "license": "MIT",
      "funding": {
        "url": "https://github.com/sponsors/ljharb"
      }
    },
    "node_modules/get-intrinsic": {
      "version": "1.2.1",
      "license": "MIT",
      "dependencies": {
        "function-bind": "^1.1.1",
        "has": "^1.0.3",
        "has-proto": "^1.0.1",
        "has-symbols": "^1.0.3"
      },
      "funding": {
        "url": "https://github.com/sponsors/ljharb"
      }
    },
    "node_modules/glob-parent": {
      "version": "5.1.2",
      "dev": true,
      "license": "ISC",
      "dependencies": {
        "is-glob": "^4.0.1"
      },
      "engines": {
        "node": ">= 6"
      }
    },
    "node_modules/gopd": {
      "version": "1.0.1",
      "license": "MIT",
      "dependencies": {
        "get-intrinsic": "^1.1.3"
      },
      "funding": {
        "url": "https://github.com/sponsors/ljharb"
      }
    },
    "node_modules/has": {
      "version": "1.0.3",
      "license": "MIT",
      "dependencies": {
        "function-bind": "^1.1.1"
      },
      "engines": {
        "node": ">= 0.4.0"
      }
    },
    "node_modules/has-property-descriptors": {
      "version": "1.0.0",
      "license": "MIT",
      "dependencies": {
        "get-intrinsic": "^1.1.1"
      },
      "funding": {
        "url": "https://github.com/sponsors/ljharb"
      }
    },
    "node_modules/has-proto": {
      "version": "1.0.1",
      "license": "MIT",
      "engines": {
        "node": ">= 0.4"
      },
      "funding": {
        "url": "https://github.com/sponsors/ljharb"
      }
    },
    "node_modules/has-symbols": {
      "version": "1.0.3",
      "license": "MIT",
      "engines": {
        "node": ">= 0.4"
      },
      "funding": {
        "url": "https://github.com/sponsors/ljharb"
      }
    },
    "node_modules/has-tostringtag": {
      "version": "1.0.0",
      "license": "MIT",
      "dependencies": {
        "has-symbols": "^1.0.2"
      },
      "engines": {
        "node": ">= 0.4"
      },
      "funding": {
        "url": "https://github.com/sponsors/ljharb"
      }
    },
    "node_modules/highlight.js": {
      "version": "11.8.0",
      "license": "BSD-3-Clause",
      "engines": {
        "node": ">=12.0.0"
      }
    },
    "node_modules/immutable": {
      "version": "4.3.4",
      "dev": true,
      "license": "MIT"
    },
    "node_modules/intl-tel-input": {
      "version": "18.2.1",
      "license": "MIT"
    },
    "node_modules/is-arguments": {
      "version": "1.1.1",
      "license": "MIT",
      "dependencies": {
        "call-bind": "^1.0.2",
        "has-tostringtag": "^1.0.0"
      },
      "engines": {
        "node": ">= 0.4"
      },
      "funding": {
        "url": "https://github.com/sponsors/ljharb"
      }
    },
    "node_modules/is-binary-path": {
      "version": "2.1.0",
      "dev": true,
      "license": "MIT",
      "dependencies": {
        "binary-extensions": "^2.0.0"
      },
      "engines": {
        "node": ">=8"
      }
    },
    "node_modules/is-date-object": {
      "version": "1.0.5",
      "license": "MIT",
      "dependencies": {
        "has-tostringtag": "^1.0.0"
      },
      "engines": {
        "node": ">= 0.4"
      },
      "funding": {
        "url": "https://github.com/sponsors/ljharb"
      }
    },
    "node_modules/is-extglob": {
      "version": "2.1.1",
      "dev": true,
      "license": "MIT",
      "engines": {
        "node": ">=0.10.0"
      }
    },
    "node_modules/is-glob": {
      "version": "4.0.3",
      "dev": true,
      "license": "MIT",
      "dependencies": {
        "is-extglob": "^2.1.1"
      },
      "engines": {
        "node": ">=0.10.0"
      }
    },
    "node_modules/is-number": {
      "version": "7.0.0",
      "dev": true,
      "license": "MIT",
      "engines": {
        "node": ">=0.12.0"
      }
    },
    "node_modules/is-regex": {
      "version": "1.1.4",
      "license": "MIT",
      "dependencies": {
        "call-bind": "^1.0.2",
        "has-tostringtag": "^1.0.0"
      },
      "engines": {
        "node": ">= 0.4"
      },
      "funding": {
        "url": "https://github.com/sponsors/ljharb"
      }
    },
    "node_modules/magic-string": {
      "version": "0.30.3",
      "license": "MIT",
      "dependencies": {
        "@jridgewell/sourcemap-codec": "^1.4.15"
      },
      "engines": {
        "node": ">=12"
      }
    },
    "node_modules/mime-db": {
      "version": "1.52.0",
      "license": "MIT",
      "engines": {
        "node": ">= 0.6"
      }
    },
    "node_modules/mime-types": {
      "version": "2.1.35",
      "license": "MIT",
      "dependencies": {
        "mime-db": "1.52.0"
      },
      "engines": {
        "node": ">= 0.6"
      }
    },
    "node_modules/moment": {
      "version": "2.29.4",
      "license": "MIT",
      "engines": {
        "node": "*"
      }
    },
    "node_modules/moment-timezone": {
      "version": "0.5.43",
      "license": "MIT",
      "dependencies": {
        "moment": "^2.29.4"
      },
      "engines": {
        "node": "*"
      }
    },
    "node_modules/nanoid": {
      "version": "4.0.2",
      "funding": [
        {
          "type": "github",
          "url": "https://github.com/sponsors/ai"
        }
      ],
      "license": "MIT",
      "bin": {
        "nanoid": "bin/nanoid.js"
      },
      "engines": {
        "node": "^14 || ^16 || >=18"
      }
    },
    "node_modules/normalize-path": {
      "version": "3.0.0",
      "dev": true,
      "license": "MIT",
      "engines": {
        "node": ">=0.10.0"
      }
    },
    "node_modules/object-is": {
      "version": "1.1.5",
      "license": "MIT",
      "dependencies": {
        "call-bind": "^1.0.2",
        "define-properties": "^1.1.3"
      },
      "engines": {
        "node": ">= 0.4"
      },
      "funding": {
        "url": "https://github.com/sponsors/ljharb"
      }
    },
    "node_modules/object-keys": {
      "version": "1.1.1",
      "license": "MIT",
      "engines": {
        "node": ">= 0.4"
      }
    },
    "node_modules/parchment": {
      "version": "1.1.4",
      "license": "BSD-3-Clause"
    },
    "node_modules/picocolors": {
      "version": "1.0.0",
      "license": "ISC"
    },
    "node_modules/picomatch": {
      "version": "2.3.1",
      "dev": true,
      "license": "MIT",
      "engines": {
        "node": ">=8.6"
      },
      "funding": {
        "url": "https://github.com/sponsors/jonschlinkert"
      }
    },
    "node_modules/postcss": {
      "version": "8.4.30",
      "funding": [
        {
          "type": "opencollective",
          "url": "https://opencollective.com/postcss/"
        },
        {
          "type": "tidelift",
          "url": "https://tidelift.com/funding/github/npm/postcss"
        },
        {
          "type": "github",
          "url": "https://github.com/sponsors/ai"
        }
      ],
      "license": "MIT",
      "dependencies": {
        "nanoid": "^3.3.6",
        "picocolors": "^1.0.0",
        "source-map-js": "^1.0.2"
      },
      "engines": {
        "node": "^10 || ^12 || >=14"
      }
    },
    "node_modules/postcss/node_modules/nanoid": {
      "version": "3.3.6",
      "funding": [
        {
          "type": "github",
          "url": "https://github.com/sponsors/ai"
        }
      ],
      "license": "MIT",
      "bin": {
        "nanoid": "bin/nanoid.cjs"
      },
      "engines": {
        "node": "^10 || ^12 || ^13.7 || ^14 || >=15.0.1"
      }
    },
    "node_modules/primevue": {
      "version": "3.34.1",
      "license": "MIT",
      "peerDependencies": {
        "vue": "^3.0.0"
      }
    },
    "node_modules/proxy-from-env": {
      "version": "1.1.0",
      "license": "MIT"
    },
    "node_modules/quill": {
      "version": "1.3.7",
      "license": "BSD-3-Clause",
      "dependencies": {
        "clone": "^2.1.1",
        "deep-equal": "^1.0.1",
        "eventemitter3": "^2.0.3",
        "extend": "^3.0.2",
        "parchment": "^1.1.4",
        "quill-delta": "^3.6.2"
      }
    },
    "node_modules/quill-delta": {
      "version": "3.6.3",
      "license": "MIT",
      "dependencies": {
        "deep-equal": "^1.0.1",
        "extend": "^3.0.2",
        "fast-diff": "1.1.2"
      },
      "engines": {
        "node": ">=0.10"
      }
    },
    "node_modules/readdirp": {
      "version": "3.6.0",
      "dev": true,
      "license": "MIT",
      "dependencies": {
        "picomatch": "^2.2.1"
      },
      "engines": {
        "node": ">=8.10.0"
      }
    },
    "node_modules/regexp.prototype.flags": {
      "version": "1.5.1",
      "license": "MIT",
      "dependencies": {
        "call-bind": "^1.0.2",
        "define-properties": "^1.2.0",
        "set-function-name": "^2.0.0"
      },
      "engines": {
        "node": ">= 0.4"
      },
      "funding": {
        "url": "https://github.com/sponsors/ljharb"
      }
    },
    "node_modules/sass": {
      "version": "1.68.0",
      "dev": true,
      "license": "MIT",
      "dependencies": {
        "chokidar": ">=3.0.0 <4.0.0",
        "immutable": "^4.0.0",
        "source-map-js": ">=0.6.2 <2.0.0"
      },
      "bin": {
        "sass": "sass.js"
      },
      "engines": {
        "node": ">=14.0.0"
      }
    },
    "node_modules/set-function-name": {
      "version": "2.0.1",
      "license": "MIT",
      "dependencies": {
        "define-data-property": "^1.0.1",
        "functions-have-names": "^1.2.3",
        "has-property-descriptors": "^1.0.0"
      },
      "engines": {
        "node": ">= 0.4"
      }
    },
    "node_modules/source-map-js": {
      "version": "1.0.2",
      "license": "BSD-3-Clause",
      "engines": {
        "node": ">=0.10.0"
      }
    },
    "node_modules/to-fast-properties": {
      "version": "2.0.0",
      "resolved": "https://registry.npmjs.org/to-fast-properties/-/to-fast-properties-2.0.0.tgz",
      "integrity": "sha512-/OaKK0xYrs3DmxRYqL/yDc+FxFUVYhDlXMhRmv3z915w2HF1tnN1omB354j8VUGO/hbRzyD6Y3sA7v7GS/ceog==",
      "dev": true,
      "engines": {
        "node": ">=4"
      }
    },
    "node_modules/to-regex-range": {
      "version": "5.0.1",
      "dev": true,
      "license": "MIT",
      "dependencies": {
        "is-number": "^7.0.0"
      },
      "engines": {
        "node": ">=8.0"
      }
    },
    "node_modules/typescript": {
      "version": "4.9.5",
      "dev": true,
      "license": "Apache-2.0",
      "bin": {
        "tsc": "bin/tsc",
        "tsserver": "bin/tsserver"
      },
      "engines": {
        "node": ">=4.2.0"
      }
    },
    "node_modules/vue": {
      "version": "3.3.4",
      "license": "MIT",
      "dependencies": {
        "@vue/compiler-dom": "3.3.4",
        "@vue/compiler-sfc": "3.3.4",
        "@vue/runtime-dom": "3.3.4",
        "@vue/server-renderer": "3.3.4",
        "@vue/shared": "3.3.4"
      }
    },
    "node_modules/vue-router": {
      "version": "4.2.5",
      "license": "MIT",
      "dependencies": {
        "@vue/devtools-api": "^6.5.0"
      },
      "funding": {
        "url": "https://github.com/sponsors/posva"
      },
      "peerDependencies": {
        "vue": "^3.2.0"
      }
    }
  },
  "dependencies": {
    "@babel/helper-string-parser": {
      "version": "7.22.5",
      "resolved": "https://registry.npmjs.org/@babel/helper-string-parser/-/helper-string-parser-7.22.5.tgz",
      "integrity": "sha512-mM4COjgZox8U+JcXQwPijIZLElkgEpO5rsERVDJTc2qfCDfERyob6k5WegS14SX18IIjv+XD+GrqNumY5JRCDw==",
      "dev": true
    },
    "@babel/helper-validator-identifier": {
      "version": "7.22.20",
      "resolved": "https://registry.npmjs.org/@babel/helper-validator-identifier/-/helper-validator-identifier-7.22.20.tgz",
      "integrity": "sha512-Y4OZ+ytlatR8AI+8KZfKuL5urKp7qey08ha31L8b3BwewJAoJamTzyvxPR/5D+KkdJCGPq/+8TukHBlY10FX9A==",
      "dev": true
    },
    "@babel/parser": {
      "version": "7.22.16"
    },
    "@babel/types": {
      "version": "7.23.0",
      "resolved": "https://registry.npmjs.org/@babel/types/-/types-7.23.0.tgz",
      "integrity": "sha512-0oIyUfKoI3mSqMvsxBdclDwxXKXAUA8v/apZbc+iSyARYou1o8ZGDxbUYyLFoW2arqS2jDGqJuZvv1d/io1axg==",
      "dev": true,
      "requires": {
        "@babel/helper-string-parser": "^7.22.5",
        "@babel/helper-validator-identifier": "^7.22.20",
        "to-fast-properties": "^2.0.0"
      }
    },
    "@jridgewell/sourcemap-codec": {
      "version": "1.4.15"
    },
    "@types/countries-and-timezones": {
      "version": "3.2.3",
      "dev": true,
      "requires": {
        "countries-and-timezones": "*"
      }
    },
    "@types/intl-tel-input": {
      "version": "18.1.1",
      "dev": true,
      "requires": {
        "@types/jquery": "*"
      }
    },
    "@types/jquery": {
      "version": "3.5.19",
      "dev": true,
      "requires": {
        "@types/sizzle": "*"
      }
    },
    "@types/moment-timezone": {
      "version": "0.5.30",
      "dev": true,
      "requires": {
        "moment-timezone": "*"
      }
    },
    "@types/node": {
      "version": "20.6.3",
      "dev": true
    },
    "@types/sizzle": {
      "version": "2.3.3",
      "dev": true
    },
    "@vue/compiler-core": {
      "version": "3.3.4",
      "requires": {
        "@babel/parser": "^7.21.3",
        "@vue/shared": "3.3.4",
        "estree-walker": "^2.0.2",
        "source-map-js": "^1.0.2"
      }
    },
    "@vue/compiler-dom": {
      "version": "3.3.4",
      "requires": {
        "@vue/compiler-core": "3.3.4",
        "@vue/shared": "3.3.4"
      }
    },
    "@vue/compiler-sfc": {
      "version": "3.3.4",
      "requires": {
        "@babel/parser": "^7.20.15",
        "@vue/compiler-core": "3.3.4",
        "@vue/compiler-dom": "3.3.4",
        "@vue/compiler-ssr": "3.3.4",
        "@vue/reactivity-transform": "3.3.4",
        "@vue/shared": "3.3.4",
        "estree-walker": "^2.0.2",
        "magic-string": "^0.30.0",
        "postcss": "^8.1.10",
        "source-map-js": "^1.0.2"
      }
    },
    "@vue/compiler-ssr": {
      "version": "3.3.4",
      "requires": {
        "@vue/compiler-dom": "3.3.4",
        "@vue/shared": "3.3.4"
      }
    },
    "@vue/devtools-api": {
      "version": "6.5.0"
    },
    "@vue/reactivity": {
      "version": "3.3.4",
      "requires": {
        "@vue/shared": "3.3.4"
      }
    },
    "@vue/reactivity-transform": {
      "version": "3.3.4",
      "requires": {
        "@babel/parser": "^7.20.15",
        "@vue/compiler-core": "3.3.4",
        "@vue/shared": "3.3.4",
        "estree-walker": "^2.0.2",
        "magic-string": "^0.30.0"
      }
    },
    "@vue/runtime-core": {
      "version": "3.3.4",
      "requires": {
        "@vue/reactivity": "3.3.4",
        "@vue/shared": "3.3.4"
      }
    },
    "@vue/runtime-dom": {
      "version": "3.3.4",
      "requires": {
        "@vue/runtime-core": "3.3.4",
        "@vue/shared": "3.3.4",
        "csstype": "^3.1.1"
      }
    },
    "@vue/server-renderer": {
      "version": "3.3.4",
      "requires": {
        "@vue/compiler-ssr": "3.3.4",
        "@vue/shared": "3.3.4"
      }
    },
    "@vue/shared": {
      "version": "3.3.4"
    },
    "anymatch": {
      "version": "3.1.3",
      "dev": true,
      "requires": {
        "normalize-path": "^3.0.0",
        "picomatch": "^2.0.4"
      }
    },
    "asynckit": {
      "version": "0.4.0"
    },
    "axios": {
      "version": "1.5.0",
      "requires": {
        "follow-redirects": "^1.15.0",
        "form-data": "^4.0.0",
        "proxy-from-env": "^1.1.0"
      }
    },
    "binary-extensions": {
      "version": "2.2.0",
      "dev": true
    },
    "braces": {
      "version": "3.0.2",
      "dev": true,
      "requires": {
        "fill-range": "^7.0.1"
      }
    },
    "call-bind": {
      "version": "1.0.2",
      "requires": {
        "function-bind": "^1.1.1",
        "get-intrinsic": "^1.0.2"
      }
    },
    "chokidar": {
      "version": "3.5.3",
      "dev": true,
      "requires": {
        "anymatch": "~3.1.2",
        "braces": "~3.0.2",
        "fsevents": "~2.3.2",
        "glob-parent": "~5.1.2",
        "is-binary-path": "~2.1.0",
        "is-glob": "~4.0.1",
        "normalize-path": "~3.0.0",
        "readdirp": "~3.6.0"
      }
    },
    "clone": {
      "version": "2.1.2"
    },
    "combined-stream": {
      "version": "1.0.8",
      "requires": {
        "delayed-stream": "~1.0.0"
      }
    },
    "countries-and-timezones": {
      "version": "3.5.1"
    },
    "csstype": {
      "version": "3.1.2"
    },
    "deep-equal": {
      "version": "1.1.1",
      "requires": {
        "is-arguments": "^1.0.4",
        "is-date-object": "^1.0.1",
        "is-regex": "^1.0.4",
        "object-is": "^1.0.1",
        "object-keys": "^1.1.1",
        "regexp.prototype.flags": "^1.2.0"
      }
    },
    "define-data-property": {
      "version": "1.1.0",
      "requires": {
        "get-intrinsic": "^1.2.1",
        "gopd": "^1.0.1",
        "has-property-descriptors": "^1.0.0"
      }
    },
    "define-properties": {
      "version": "1.2.1",
      "requires": {
        "define-data-property": "^1.0.1",
        "has-property-descriptors": "^1.0.0",
        "object-keys": "^1.1.1"
      }
    },
    "delayed-stream": {
      "version": "1.0.0"
    },
    "detect-libc": {
      "version": "1.0.3",
      "dev": true
    },
    "estree-walker": {
      "version": "2.0.2"
    },
    "eventemitter3": {
      "version": "2.0.3"
    },
    "extend": {
      "version": "3.0.2"
    },
    "fast-diff": {
      "version": "1.1.2"
    },
    "fibers": {
      "version": "5.0.3",
      "dev": true,
      "requires": {
        "detect-libc": "^1.0.3"
      }
    },
    "fill-range": {
      "version": "7.0.1",
      "dev": true,
      "requires": {
        "to-regex-range": "^5.0.1"
      }
    },
    "follow-redirects": {
      "version": "1.15.3"
    },
    "form-data": {
      "version": "4.0.0",
      "requires": {
        "asynckit": "^0.4.0",
        "combined-stream": "^1.0.8",
        "mime-types": "^2.1.12"
      }
    },
    "function-bind": {
      "version": "1.1.1"
    },
    "functions-have-names": {
      "version": "1.2.3"
    },
    "get-intrinsic": {
      "version": "1.2.1",
      "requires": {
        "function-bind": "^1.1.1",
        "has": "^1.0.3",
        "has-proto": "^1.0.1",
        "has-symbols": "^1.0.3"
      }
    },
    "glob-parent": {
      "version": "5.1.2",
      "dev": true,
      "requires": {
        "is-glob": "^4.0.1"
      }
    },
    "gopd": {
      "version": "1.0.1",
      "requires": {
        "get-intrinsic": "^1.1.3"
      }
    },
    "has": {
      "version": "1.0.3",
      "requires": {
        "function-bind": "^1.1.1"
      }
    },
    "has-property-descriptors": {
      "version": "1.0.0",
      "requires": {
        "get-intrinsic": "^1.1.1"
      }
    },
    "has-proto": {
      "version": "1.0.1"
    },
    "has-symbols": {
      "version": "1.0.3"
    },
    "has-tostringtag": {
      "version": "1.0.0",
      "requires": {
        "has-symbols": "^1.0.2"
      }
    },
    "highlight.js": {
      "version": "11.8.0"
    },
    "immutable": {
      "version": "4.3.4",
      "dev": true
    },
    "intl-tel-input": {
      "version": "18.2.1"
    },
    "is-arguments": {
      "version": "1.1.1",
      "requires": {
        "call-bind": "^1.0.2",
        "has-tostringtag": "^1.0.0"
      }
    },
    "is-binary-path": {
      "version": "2.1.0",
      "dev": true,
      "requires": {
        "binary-extensions": "^2.0.0"
      }
    },
    "is-date-object": {
      "version": "1.0.5",
      "requires": {
        "has-tostringtag": "^1.0.0"
      }
    },
    "is-extglob": {
      "version": "2.1.1",
      "dev": true
    },
    "is-glob": {
      "version": "4.0.3",
      "dev": true,
      "requires": {
        "is-extglob": "^2.1.1"
      }
    },
    "is-number": {
      "version": "7.0.0",
      "dev": true
    },
    "is-regex": {
      "version": "1.1.4",
      "requires": {
        "call-bind": "^1.0.2",
        "has-tostringtag": "^1.0.0"
      }
    },
    "magic-string": {
      "version": "0.30.3",
      "requires": {
        "@jridgewell/sourcemap-codec": "^1.4.15"
      }
    },
    "mime-db": {
      "version": "1.52.0"
    },
    "mime-types": {
      "version": "2.1.35",
      "requires": {
        "mime-db": "1.52.0"
      }
    },
    "moment": {
      "version": "2.29.4"
    },
    "moment-timezone": {
      "version": "0.5.43",
      "requires": {
        "moment": "^2.29.4"
      }
    },
    "nanoid": {
      "version": "4.0.2"
    },
    "normalize-path": {
      "version": "3.0.0",
      "dev": true
    },
    "object-is": {
      "version": "1.1.5",
      "requires": {
        "call-bind": "^1.0.2",
        "define-properties": "^1.1.3"
      }
    },
    "object-keys": {
      "version": "1.1.1"
    },
    "parchment": {
      "version": "1.1.4"
    },
    "picocolors": {
      "version": "1.0.0"
    },
    "picomatch": {
      "version": "2.3.1",
      "dev": true
    },
    "postcss": {
      "version": "8.4.30",
      "requires": {
        "nanoid": "^3.3.6",
        "picocolors": "^1.0.0",
        "source-map-js": "^1.0.2"
      },
      "dependencies": {
        "nanoid": {
          "version": "3.3.6"
        }
      }
    },
    "primevue": {
      "version": "3.34.1",
      "requires": {}
    },
    "proxy-from-env": {
      "version": "1.1.0"
    },
    "quill": {
      "version": "1.3.7",
      "requires": {
        "clone": "^2.1.1",
        "deep-equal": "^1.0.1",
        "eventemitter3": "^2.0.3",
        "extend": "^3.0.2",
        "parchment": "^1.1.4",
        "quill-delta": "^3.6.2"
      }
    },
    "quill-delta": {
      "version": "3.6.3",
      "requires": {
        "deep-equal": "^1.0.1",
        "extend": "^3.0.2",
        "fast-diff": "1.1.2"
      }
    },
    "readdirp": {
      "version": "3.6.0",
      "dev": true,
      "requires": {
        "picomatch": "^2.2.1"
      }
    },
    "regexp.prototype.flags": {
      "version": "1.5.1",
      "requires": {
        "call-bind": "^1.0.2",
        "define-properties": "^1.2.0",
        "set-function-name": "^2.0.0"
      }
    },
    "sass": {
      "version": "1.68.0",
      "dev": true,
      "requires": {
        "chokidar": ">=3.0.0 <4.0.0",
        "immutable": "^4.0.0",
        "source-map-js": ">=0.6.2 <2.0.0"
      }
    },
    "set-function-name": {
      "version": "2.0.1",
      "requires": {
        "define-data-property": "^1.0.1",
        "functions-have-names": "^1.2.3",
        "has-property-descriptors": "^1.0.0"
      }
    },
    "source-map-js": {
      "version": "1.0.2"
    },
    "to-fast-properties": {
      "version": "2.0.0",
      "resolved": "https://registry.npmjs.org/to-fast-properties/-/to-fast-properties-2.0.0.tgz",
      "integrity": "sha512-/OaKK0xYrs3DmxRYqL/yDc+FxFUVYhDlXMhRmv3z915w2HF1tnN1omB354j8VUGO/hbRzyD6Y3sA7v7GS/ceog==",
      "dev": true
    },
    "to-regex-range": {
      "version": "5.0.1",
      "dev": true,
      "requires": {
        "is-number": "^7.0.0"
      }
    },
    "typescript": {
      "version": "4.9.5",
      "dev": true
    },
    "vue": {
      "version": "3.3.4",
      "requires": {
        "@vue/compiler-dom": "3.3.4",
        "@vue/compiler-sfc": "3.3.4",
        "@vue/runtime-dom": "3.3.4",
        "@vue/server-renderer": "3.3.4",
        "@vue/shared": "3.3.4"
      }
    },
    "vue-router": {
      "version": "4.2.5",
      "requires": {
        "@vue/devtools-api": "^6.5.0"
      }
    }
  }
}
